<?xml version="1.0"?>
<plist version="1.0">
	<dict>
		<key>archiveVersion</key>
		<string>1</string>
		<key>classes</key>
		<dict />
		<key>objectVersion</key>
		<string>46</string>
		<key>objects</key>
		<dict>
			<key>C100EE4C5AA67D4E246A0CD2</key>
			<dict>
				<key>fileRef</key>
				<string>68CA4A30D5B476BF3FA0749A</string>
				<key>isa</key>
				<string>PBXBuildFile</string>
			</dict>
			<key>68CA4A30D5B476BF3FA0749A</key>
			<dict>
				<key>explicitFileType</key>
				<string>sourcecode.cpp.cpp</string>
				<key>fileEncoding</key>
				<string>30</string>
				<key>isa</key>
				<string>PBXFileReference</string>
				<key>name</key>
				<string>tinyxmlparser.cpp</string>
				<key>path</key>
				<string>../../../of_v0.8.1_osx_release/addons/ofxXmlSettings/libs/tinyxmlparser.cpp</string>
				<key>sourceTree</key>
				<string>SOURCE_ROOT</string>
			</dict>
			<key>A88802B3523E25D07D316AC6</key>
			<dict>
				<key>fileRef</key>
				<string>A2D0B975D19B556A338AB189</string>
				<key>isa</key>
				<string>PBXBuildFile</string>
			</dict>
			<key>A2D0B975D19B556A338AB189</key>
			<dict>
				<key>explicitFileType</key>
				<string>sourcecode.cpp.cpp</string>
				<key>fileEncoding</key>
				<string>30</string>
				<key>isa</key>
				<string>PBXFileReference</string>
				<key>name</key>
				<string>tinyxmlerror.cpp</string>
				<key>path</key>
				<string>../../../of_v0.8.1_osx_release/addons/ofxXmlSettings/libs/tinyxmlerror.cpp</string>
				<key>sourceTree</key>
				<string>SOURCE_ROOT</string>
			</dict>
			<key>EA2E2E5BAC4C6B036099A6EA</key>
			<dict>
				<key>explicitFileType</key>
				<string>sourcecode.c.h</string>
				<key>fileEncoding</key>
				<string>30</string>
				<key>isa</key>
				<string>PBXFileReference</string>
				<key>name</key>
				<string>tinyxml.h</string>
				<key>path</key>
				<string>../../../of_v0.8.1_osx_release/addons/ofxXmlSettings/libs/tinyxml.h</string>
				<key>sourceTree</key>
				<string>SOURCE_ROOT</string>
			</dict>
			<key>6E54289412D2D94F45A05113</key>
			<dict>
				<key>children</key>
				<array>
					<string>AA3EEDDA027AB3EEE908EACF</string>
					<string>EA2E2E5BAC4C6B036099A6EA</string>
					<string>A2D0B975D19B556A338AB189</string>
					<string>68CA4A30D5B476BF3FA0749A</string>
				</array>
				<key>isa</key>
				<string>PBXGroup</string>
				<key>name</key>
				<string>libs</string>
				<key>sourceTree</key>
				<string>&lt;group&gt;</string>
			</dict>
			<key>38CC956E7235F55EC9FD5781</key>
			<dict>
				<key>fileRef</key>
				<string>AA3EEDDA027AB3EEE908EACF</string>
				<key>isa</key>
				<string>PBXBuildFile</string>
			</dict>
			<key>AA3EEDDA027AB3EEE908EACF</key>
			<dict>
				<key>explicitFileType</key>
				<string>sourcecode.cpp.cpp</string>
				<key>fileEncoding</key>
				<string>30</string>
				<key>isa</key>
				<string>PBXFileReference</string>
				<key>name</key>
				<string>tinyxml.cpp</string>
				<key>path</key>
				<string>../../../of_v0.8.1_osx_release/addons/ofxXmlSettings/libs/tinyxml.cpp</string>
				<key>sourceTree</key>
				<string>SOURCE_ROOT</string>
			</dict>
			<key>93C2BD2258206AE9A73DAF10</key>
			<dict>
				<key>explicitFileType</key>
				<string>sourcecode.c.h</string>
				<key>fileEncoding</key>
				<string>30</string>
				<key>isa</key>
				<string>PBXFileReference</string>
				<key>name</key>
				<string>ofxXmlSettings.h</string>
				<key>path</key>
				<string>../../../of_v0.8.1_osx_release/addons/ofxXmlSettings/src/ofxXmlSettings.h</string>
				<key>sourceTree</key>
				<string>SOURCE_ROOT</string>
			</dict>
			<key>6ECEF0D76BC33727823EADFF</key>
			<dict>
				<key>children</key>
				<array>
					<string>02CF2A78706946E50B5874E3</string>
					<string>93C2BD2258206AE9A73DAF10</string>
				</array>
				<key>isa</key>
				<string>PBXGroup</string>
				<key>name</key>
				<string>src</string>
				<key>sourceTree</key>
				<string>&lt;group&gt;</string>
			</dict>
			<key>1F4FB5C423662B96ADFDCC0B</key>
			<dict>
				<key>children</key>
				<array>
					<string>6ECEF0D76BC33727823EADFF</string>
					<string>6E54289412D2D94F45A05113</string>
				</array>
				<key>isa</key>
				<string>PBXGroup</string>
				<key>name</key>
				<string>ofxXmlSettings</string>
				<key>sourceTree</key>
				<string>&lt;group&gt;</string>
			</dict>
			<key>E1E1A1EB7026C4039561B3A3</key>
			<dict>
				<key>fileRef</key>
				<string>02CF2A78706946E50B5874E3</string>
				<key>isa</key>
				<string>PBXBuildFile</string>
			</dict>
			<key>02CF2A78706946E50B5874E3</key>
			<dict>
				<key>explicitFileType</key>
				<string>sourcecode.cpp.cpp</string>
				<key>fileEncoding</key>
				<string>30</string>
				<key>isa</key>
				<string>PBXFileReference</string>
				<key>name</key>
				<string>ofxXmlSettings.cpp</string>
				<key>path</key>
				<string>../../../of_v0.8.1_osx_release/addons/ofxXmlSettings/src/ofxXmlSettings.cpp</string>
				<key>sourceTree</key>
				<string>SOURCE_ROOT</string>
			</dict>
			<key>A50EB4414E9EB7DAEA5A6F1B</key>
			<dict>
				<key>explicitFileType</key>
				<string>sourcecode.c.h</string>
				<key>fileEncoding</key>
				<string>30</string>
				<key>isa</key>
				<string>PBXFileReference</string>
				<key>name</key>
				<string>OscTypes.h</string>
				<key>path</key>
				<string>../../../of_v0.8.1_osx_release/addons/ofxOsc/libs/oscpack/src/osc/OscTypes.h</string>
				<key>sourceTree</key>
				<string>SOURCE_ROOT</string>
			</dict>
			<key>264643EA2AAE4D5E199CCD3A</key>
			<dict>
				<key>fileRef</key>
				<string>345B5A38B3CAED6A5CC9D360</string>
				<key>isa</key>
				<string>PBXBuildFile</string>
			</dict>
			<key>345B5A38B3CAED6A5CC9D360</key>
			<dict>
				<key>explicitFileType</key>
				<string>sourcecode.cpp.cpp</string>
				<key>fileEncoding</key>
				<string>30</string>
				<key>isa</key>
				<string>PBXFileReference</string>
				<key>name</key>
				<string>OscTypes.cpp</string>
				<key>path</key>
				<string>../../../of_v0.8.1_osx_release/addons/ofxOsc/libs/oscpack/src/osc/OscTypes.cpp</string>
				<key>sourceTree</key>
				<string>SOURCE_ROOT</string>
			</dict>
			<key>78B74E6F2614435A259E8850</key>
			<dict>
				<key>explicitFileType</key>
				<string>sourcecode.c.h</string>
				<key>fileEncoding</key>
				<string>30</string>
				<key>isa</key>
				<string>PBXFileReference</string>
				<key>name</key>
				<string>OscReceivedElements.h</string>
				<key>path</key>
				<string>../../../of_v0.8.1_osx_release/addons/ofxOsc/libs/oscpack/src/osc/OscReceivedElements.h</string>
				<key>sourceTree</key>
				<string>SOURCE_ROOT</string>
			</dict>
			<key>126DD1CAD81C8AC5E99C7F96</key>
			<dict>
				<key>fileRef</key>
				<string>F644F58873A5803A5A258790</string>
				<key>isa</key>
				<string>PBXBuildFile</string>
			</dict>
			<key>F644F58873A5803A5A258790</key>
			<dict>
				<key>explicitFileType</key>
				<string>sourcecode.cpp.cpp</string>
				<key>fileEncoding</key>
				<string>30</string>
				<key>isa</key>
				<string>PBXFileReference</string>
				<key>name</key>
				<string>OscReceivedElements.cpp</string>
				<key>path</key>
				<string>../../../of_v0.8.1_osx_release/addons/ofxOsc/libs/oscpack/src/osc/OscReceivedElements.cpp</string>
				<key>sourceTree</key>
				<string>SOURCE_ROOT</string>
			</dict>
			<key>7EF682F0320E28D236035A47</key>
			<dict>
				<key>explicitFileType</key>
				<string>sourcecode.c.h</string>
				<key>fileEncoding</key>
				<string>30</string>
				<key>isa</key>
				<string>PBXFileReference</string>
				<key>name</key>
				<string>OscPrintReceivedElements.h</string>
				<key>path</key>
				<string>../../../of_v0.8.1_osx_release/addons/ofxOsc/libs/oscpack/src/osc/OscPrintReceivedElements.h</string>
				<key>sourceTree</key>
				<string>SOURCE_ROOT</string>
			</dict>
			<key>55F5774642360B8EB19711C0</key>
			<dict>
				<key>fileRef</key>
				<string>F381CE897C61977BDCE17914</string>
				<key>isa</key>
				<string>PBXBuildFile</string>
			</dict>
			<key>F381CE897C61977BDCE17914</key>
			<dict>
				<key>explicitFileType</key>
				<string>sourcecode.cpp.cpp</string>
				<key>fileEncoding</key>
				<string>30</string>
				<key>isa</key>
				<string>PBXFileReference</string>
				<key>name</key>
				<string>OscPrintReceivedElements.cpp</string>
				<key>path</key>
				<string>../../../of_v0.8.1_osx_release/addons/ofxOsc/libs/oscpack/src/osc/OscPrintReceivedElements.cpp</string>
				<key>sourceTree</key>
				<string>SOURCE_ROOT</string>
			</dict>
			<key>8A374AD2349D3CF5F8053F29</key>
			<dict>
				<key>explicitFileType</key>
				<string>sourcecode.c.h</string>
				<key>fileEncoding</key>
				<string>30</string>
				<key>isa</key>
				<string>PBXFileReference</string>
				<key>name</key>
				<string>OscPacketListener.h</string>
				<key>path</key>
				<string>../../../of_v0.8.1_osx_release/addons/ofxOsc/libs/oscpack/src/osc/OscPacketListener.h</string>
				<key>sourceTree</key>
				<string>SOURCE_ROOT</string>
			</dict>
			<key>6C0A61D4EFC1932E78AD8383</key>
			<dict>
				<key>explicitFileType</key>
				<string>sourcecode.c.h</string>
				<key>fileEncoding</key>
				<string>30</string>
				<key>isa</key>
				<string>PBXFileReference</string>
				<key>name</key>
				<string>OscOutboundPacketStream.h</string>
				<key>path</key>
				<string>../../../of_v0.8.1_osx_release/addons/ofxOsc/libs/oscpack/src/osc/OscOutboundPacketStream.h</string>
				<key>sourceTree</key>
				<string>SOURCE_ROOT</string>
			</dict>
			<key>09355AD30BA9A32B20645F53</key>
			<dict>
				<key>fileRef</key>
				<string>9293669A6CF685B1DA506EDB</string>
				<key>isa</key>
				<string>PBXBuildFile</string>
			</dict>
			<key>9293669A6CF685B1DA506EDB</key>
			<dict>
				<key>explicitFileType</key>
				<string>sourcecode.cpp.cpp</string>
				<key>fileEncoding</key>
				<string>30</string>
				<key>isa</key>
				<string>PBXFileReference</string>
				<key>name</key>
				<string>OscOutboundPacketStream.cpp</string>
				<key>path</key>
				<string>../../../of_v0.8.1_osx_release/addons/ofxOsc/libs/oscpack/src/osc/OscOutboundPacketStream.cpp</string>
				<key>sourceTree</key>
				<string>SOURCE_ROOT</string>
			</dict>
			<key>DBB812EA29914A58A4A542EE</key>
			<dict>
				<key>explicitFileType</key>
				<string>sourcecode.c.h</string>
				<key>fileEncoding</key>
				<string>30</string>
				<key>isa</key>
				<string>PBXFileReference</string>
				<key>name</key>
				<string>OscHostEndianness.h</string>
				<key>path</key>
				<string>../../../of_v0.8.1_osx_release/addons/ofxOsc/libs/oscpack/src/osc/OscHostEndianness.h</string>
				<key>sourceTree</key>
				<string>SOURCE_ROOT</string>
			</dict>
			<key>E311E74460FC8268BD1596FF</key>
			<dict>
				<key>explicitFileType</key>
				<string>sourcecode.c.h</string>
				<key>fileEncoding</key>
				<string>30</string>
				<key>isa</key>
				<string>PBXFileReference</string>
				<key>name</key>
				<string>OscException.h</string>
				<key>path</key>
				<string>../../../of_v0.8.1_osx_release/addons/ofxOsc/libs/oscpack/src/osc/OscException.h</string>
				<key>sourceTree</key>
				<string>SOURCE_ROOT</string>
			</dict>
			<key>30CB364908817057B430D528</key>
			<dict>
				<key>children</key>
				<array>
					<string>E23B0A524AA123DC384F6248</string>
					<string>E311E74460FC8268BD1596FF</string>
					<string>DBB812EA29914A58A4A542EE</string>
					<string>9293669A6CF685B1DA506EDB</string>
					<string>6C0A61D4EFC1932E78AD8383</string>
					<string>8A374AD2349D3CF5F8053F29</string>
					<string>F381CE897C61977BDCE17914</string>
					<string>7EF682F0320E28D236035A47</string>
					<string>F644F58873A5803A5A258790</string>
					<string>78B74E6F2614435A259E8850</string>
					<string>345B5A38B3CAED6A5CC9D360</string>
					<string>A50EB4414E9EB7DAEA5A6F1B</string>
				</array>
				<key>isa</key>
				<string>PBXGroup</string>
				<key>name</key>
				<string>osc</string>
				<key>sourceTree</key>
				<string>&lt;group&gt;</string>
			</dict>
			<key>E23B0A524AA123DC384F6248</key>
			<dict>
				<key>explicitFileType</key>
				<string>sourcecode.c.h</string>
				<key>fileEncoding</key>
				<string>30</string>
				<key>isa</key>
				<string>PBXFileReference</string>
				<key>name</key>
				<string>MessageMappingOscPacketListener.h</string>
				<key>path</key>
				<string>../../../of_v0.8.1_osx_release/addons/ofxOsc/libs/oscpack/src/osc/MessageMappingOscPacketListener.h</string>
				<key>sourceTree</key>
				<string>SOURCE_ROOT</string>
			</dict>
			<key>502002C14DB69460B6CFEFC7</key>
			<dict>
				<key>fileRef</key>
				<string>FF5E69AE8386FE900755E62C</string>
				<key>isa</key>
				<string>PBXBuildFile</string>
			</dict>
			<key>FF5E69AE8386FE900755E62C</key>
			<dict>
				<key>explicitFileType</key>
				<string>sourcecode.cpp.cpp</string>
				<key>fileEncoding</key>
				<string>30</string>
				<key>isa</key>
				<string>PBXFileReference</string>
				<key>name</key>
				<string>UdpSocketWin.cpp</string>
				<key>path</key>
				<string>../../../of_v0.8.1_osx_release/addons/ofxOsc/libs/oscpack/src/ip/win32/UdpSocketWin.cpp</string>
				<key>sourceTree</key>
				<string>SOURCE_ROOT</string>
			</dict>
			<key>BA6760AC87647DD61A92BD41</key>
			<dict>
				<key>children</key>
				<array>
					<string>408BF989073249ECB594FE7E</string>
					<string>FF5E69AE8386FE900755E62C</string>
				</array>
				<key>isa</key>
				<string>PBXGroup</string>
				<key>name</key>
				<string>win32</string>
				<key>sourceTree</key>
				<string>&lt;group&gt;</string>
			</dict>
			<key>887F5E7A37ECB7DF2A4CAB3F</key>
			<dict>
				<key>fileRef</key>
				<string>408BF989073249ECB594FE7E</string>
				<key>isa</key>
				<string>PBXBuildFile</string>
			</dict>
			<key>408BF989073249ECB594FE7E</key>
			<dict>
				<key>explicitFileType</key>
				<string>sourcecode.cpp.cpp</string>
				<key>fileEncoding</key>
				<string>30</string>
				<key>isa</key>
				<string>PBXFileReference</string>
				<key>name</key>
				<string>NetworkingUtilsWin.cpp</string>
				<key>path</key>
				<string>../../../of_v0.8.1_osx_release/addons/ofxOsc/libs/oscpack/src/ip/win32/NetworkingUtilsWin.cpp</string>
				<key>sourceTree</key>
				<string>SOURCE_ROOT</string>
			</dict>
			<key>F5902D16446EC6DBB5DD8902</key>
			<dict>
				<key>explicitFileType</key>
				<string>sourcecode.c.h</string>
				<key>fileEncoding</key>
				<string>30</string>
				<key>isa</key>
				<string>PBXFileReference</string>
				<key>name</key>
				<string>UdpSocket.h</string>
				<key>path</key>
				<string>../../../of_v0.8.1_osx_release/addons/ofxOsc/libs/oscpack/src/ip/UdpSocket.h</string>
				<key>sourceTree</key>
				<string>SOURCE_ROOT</string>
			</dict>
			<key>45E4DF171FA467802410A79E</key>
			<dict>
				<key>explicitFileType</key>
				<string>sourcecode.c.h</string>
				<key>fileEncoding</key>
				<string>30</string>
				<key>isa</key>
				<string>PBXFileReference</string>
				<key>name</key>
				<string>TimerListener.h</string>
				<key>path</key>
				<string>../../../of_v0.8.1_osx_release/addons/ofxOsc/libs/oscpack/src/ip/TimerListener.h</string>
				<key>sourceTree</key>
				<string>SOURCE_ROOT</string>
			</dict>
			<key>32989E7E9864959658F17460</key>
			<dict>
				<key>fileRef</key>
				<string>4C0D18437A938A7EC1439643</string>
				<key>isa</key>
				<string>PBXBuildFile</string>
			</dict>
			<key>4C0D18437A938A7EC1439643</key>
			<dict>
				<key>explicitFileType</key>
				<string>sourcecode.cpp.cpp</string>
				<key>fileEncoding</key>
				<string>30</string>
				<key>isa</key>
				<string>PBXFileReference</string>
				<key>name</key>
				<string>UdpSocket.cpp</string>
				<key>path</key>
				<string>../../../of_v0.8.1_osx_release/addons/ofxOsc/libs/oscpack/src/ip/posix/UdpSocket.cpp</string>
				<key>sourceTree</key>
				<string>SOURCE_ROOT</string>
			</dict>
			<key>641362CA659FAFEE4E81001B</key>
			<dict>
				<key>children</key>
				<array>
					<string>5CB5A3BF73A101DA92A11DCF</string>
					<string>4C0D18437A938A7EC1439643</string>
				</array>
				<key>isa</key>
				<string>PBXGroup</string>
				<key>name</key>
				<string>posix</string>
				<key>sourceTree</key>
				<string>&lt;group&gt;</string>
			</dict>
			<key>D6B6CE0AF25C0987759F5A6C</key>
			<dict>
				<key>fileRef</key>
				<string>5CB5A3BF73A101DA92A11DCF</string>
				<key>isa</key>
				<string>PBXBuildFile</string>
			</dict>
			<key>5CB5A3BF73A101DA92A11DCF</key>
			<dict>
				<key>explicitFileType</key>
				<string>sourcecode.cpp.cpp</string>
				<key>fileEncoding</key>
				<string>30</string>
				<key>isa</key>
				<string>PBXFileReference</string>
				<key>name</key>
				<string>NetworkingUtils.cpp</string>
				<key>path</key>
				<string>../../../of_v0.8.1_osx_release/addons/ofxOsc/libs/oscpack/src/ip/posix/NetworkingUtils.cpp</string>
				<key>sourceTree</key>
				<string>SOURCE_ROOT</string>
			</dict>
			<key>53A4D9956B90CFA61B81BDA0</key>
			<dict>
				<key>explicitFileType</key>
				<string>sourcecode.c.h</string>
				<key>fileEncoding</key>
				<string>30</string>
				<key>isa</key>
				<string>PBXFileReference</string>
				<key>name</key>
				<string>PacketListener.h</string>
				<key>path</key>
				<string>../../../of_v0.8.1_osx_release/addons/ofxOsc/libs/oscpack/src/ip/PacketListener.h</string>
				<key>sourceTree</key>
				<string>SOURCE_ROOT</string>
			</dict>
			<key>920E72B89903BF4A37FBFE34</key>
			<dict>
				<key>explicitFileType</key>
				<string>sourcecode.c.h</string>
				<key>fileEncoding</key>
				<string>30</string>
				<key>isa</key>
				<string>PBXFileReference</string>
				<key>name</key>
				<string>NetworkingUtils.h</string>
				<key>path</key>
				<string>../../../of_v0.8.1_osx_release/addons/ofxOsc/libs/oscpack/src/ip/NetworkingUtils.h</string>
				<key>sourceTree</key>
				<string>SOURCE_ROOT</string>
			</dict>
			<key>E8FB127038499D0F6C40EF35</key>
			<dict>
				<key>explicitFileType</key>
				<string>sourcecode.c.h</string>
				<key>fileEncoding</key>
				<string>30</string>
				<key>isa</key>
				<string>PBXFileReference</string>
				<key>name</key>
				<string>IpEndpointName.h</string>
				<key>path</key>
				<string>../../../of_v0.8.1_osx_release/addons/ofxOsc/libs/oscpack/src/ip/IpEndpointName.h</string>
				<key>sourceTree</key>
				<string>SOURCE_ROOT</string>
			</dict>
			<key>FF8CDF57858E9B94E3237115</key>
			<dict>
				<key>children</key>
				<array>
					<string>1BB8CE706F6530C7A7899A3D</string>
					<string>E8FB127038499D0F6C40EF35</string>
					<string>920E72B89903BF4A37FBFE34</string>
					<string>53A4D9956B90CFA61B81BDA0</string>
					<string>641362CA659FAFEE4E81001B</string>
					<string>45E4DF171FA467802410A79E</string>
					<string>F5902D16446EC6DBB5DD8902</string>
					<string>BA6760AC87647DD61A92BD41</string>
				</array>
				<key>isa</key>
				<string>PBXGroup</string>
				<key>name</key>
				<string>ip</string>
				<key>sourceTree</key>
				<string>&lt;group&gt;</string>
			</dict>
			<key>D27B2221A225CA523C019676</key>
			<dict>
				<key>children</key>
				<array>
					<string>FF8CDF57858E9B94E3237115</string>
					<string>30CB364908817057B430D528</string>
				</array>
				<key>isa</key>
				<string>PBXGroup</string>
				<key>name</key>
				<string>src</string>
				<key>sourceTree</key>
				<string>&lt;group&gt;</string>
			</dict>
			<key>86D2677079A3AF4A5A88E29A</key>
			<dict>
				<key>children</key>
				<array>
					<string>D27B2221A225CA523C019676</string>
				</array>
				<key>isa</key>
				<string>PBXGroup</string>
				<key>name</key>
				<string>oscpack</string>
				<key>sourceTree</key>
				<string>&lt;group&gt;</string>
			</dict>
			<key>38871A5825686AE018EC2BF0</key>
			<dict>
				<key>children</key>
				<array>
					<string>86D2677079A3AF4A5A88E29A</string>
				</array>
				<key>isa</key>
				<string>PBXGroup</string>
				<key>name</key>
				<string>libs</string>
				<key>sourceTree</key>
				<string>&lt;group&gt;</string>
			</dict>
			<key>7253FB90C79B68EBA6F1F03A</key>
			<dict>
				<key>fileRef</key>
				<string>1BB8CE706F6530C7A7899A3D</string>
				<key>isa</key>
				<string>PBXBuildFile</string>
			</dict>
			<key>1BB8CE706F6530C7A7899A3D</key>
			<dict>
				<key>explicitFileType</key>
				<string>sourcecode.cpp.cpp</string>
				<key>fileEncoding</key>
				<string>30</string>
				<key>isa</key>
				<string>PBXFileReference</string>
				<key>name</key>
				<string>IpEndpointName.cpp</string>
				<key>path</key>
				<string>../../../of_v0.8.1_osx_release/addons/ofxOsc/libs/oscpack/src/ip/IpEndpointName.cpp</string>
				<key>sourceTree</key>
				<string>SOURCE_ROOT</string>
			</dict>
			<key>211E59BB47399A90087B2BBB</key>
			<dict>
				<key>explicitFileType</key>
				<string>sourcecode.c.h</string>
				<key>fileEncoding</key>
				<string>30</string>
				<key>isa</key>
				<string>PBXFileReference</string>
				<key>name</key>
				<string>ofxOscSender.h</string>
				<key>path</key>
				<string>../../../of_v0.8.1_osx_release/addons/ofxOsc/src/ofxOscSender.h</string>
				<key>sourceTree</key>
				<string>SOURCE_ROOT</string>
			</dict>
			<key>AF81808632C8FCF45ECB93DE</key>
			<dict>
				<key>fileRef</key>
				<string>C7802B2E66B800F194E988B5</string>
				<key>isa</key>
				<string>PBXBuildFile</string>
			</dict>
			<key>C7802B2E66B800F194E988B5</key>
			<dict>
				<key>explicitFileType</key>
				<string>sourcecode.cpp.cpp</string>
				<key>fileEncoding</key>
				<string>30</string>
				<key>isa</key>
				<string>PBXFileReference</string>
				<key>name</key>
				<string>ofxOscSender.cpp</string>
				<key>path</key>
				<string>../../../of_v0.8.1_osx_release/addons/ofxOsc/src/ofxOscSender.cpp</string>
				<key>sourceTree</key>
				<string>SOURCE_ROOT</string>
			</dict>
			<key>684653947AF001B87599BE2E</key>
			<dict>
				<key>explicitFileType</key>
				<string>sourcecode.c.h</string>
				<key>fileEncoding</key>
				<string>30</string>
				<key>isa</key>
				<string>PBXFileReference</string>
				<key>name</key>
				<string>ofxOscReceiver.h</string>
				<key>path</key>
				<string>../../../of_v0.8.1_osx_release/addons/ofxOsc/src/ofxOscReceiver.h</string>
				<key>sourceTree</key>
				<string>SOURCE_ROOT</string>
			</dict>
			<key>11DB38D40245BF5443F120EA</key>
			<dict>
				<key>fileRef</key>
				<string>622716702AE02F48C59AC6EA</string>
				<key>isa</key>
				<string>PBXBuildFile</string>
			</dict>
			<key>622716702AE02F48C59AC6EA</key>
			<dict>
				<key>explicitFileType</key>
				<string>sourcecode.cpp.cpp</string>
				<key>fileEncoding</key>
				<string>30</string>
				<key>isa</key>
				<string>PBXFileReference</string>
				<key>name</key>
				<string>ofxOscReceiver.cpp</string>
				<key>path</key>
				<string>../../../of_v0.8.1_osx_release/addons/ofxOsc/src/ofxOscReceiver.cpp</string>
				<key>sourceTree</key>
				<string>SOURCE_ROOT</string>
			</dict>
			<key>97069598D0E711F7AC76AD53</key>
			<dict>
				<key>explicitFileType</key>
				<string>sourcecode.c.h</string>
				<key>fileEncoding</key>
				<string>30</string>
				<key>isa</key>
				<string>PBXFileReference</string>
				<key>name</key>
				<string>ofxOscParameterSync.h</string>
				<key>path</key>
				<string>../../../of_v0.8.1_osx_release/addons/ofxOsc/src/ofxOscParameterSync.h</string>
				<key>sourceTree</key>
				<string>SOURCE_ROOT</string>
			</dict>
			<key>964382E466E5E8FCA48DE3D4</key>
			<dict>
				<key>fileRef</key>
				<string>CB743890679BD12ED504ECB3</string>
				<key>isa</key>
				<string>PBXBuildFile</string>
			</dict>
			<key>CB743890679BD12ED504ECB3</key>
			<dict>
				<key>explicitFileType</key>
				<string>sourcecode.cpp.cpp</string>
				<key>fileEncoding</key>
				<string>30</string>
				<key>isa</key>
				<string>PBXFileReference</string>
				<key>name</key>
				<string>ofxOscParameterSync.cpp</string>
				<key>path</key>
				<string>../../../of_v0.8.1_osx_release/addons/ofxOsc/src/ofxOscParameterSync.cpp</string>
				<key>sourceTree</key>
				<string>SOURCE_ROOT</string>
			</dict>
			<key>A36B03AC3CB5A5FACD7CBB0D</key>
			<dict>
				<key>explicitFileType</key>
				<string>sourcecode.c.h</string>
				<key>fileEncoding</key>
				<string>30</string>
				<key>isa</key>
				<string>PBXFileReference</string>
				<key>name</key>
				<string>ofxOscMessage.h</string>
				<key>path</key>
				<string>../../../of_v0.8.1_osx_release/addons/ofxOsc/src/ofxOscMessage.h</string>
				<key>sourceTree</key>
				<string>SOURCE_ROOT</string>
			</dict>
			<key>2BB343C9D8FE6442F80B3F29</key>
			<dict>
				<key>fileRef</key>
				<string>46450249BC31D630F99D7BE0</string>
				<key>isa</key>
				<string>PBXBuildFile</string>
			</dict>
			<key>46450249BC31D630F99D7BE0</key>
			<dict>
				<key>explicitFileType</key>
				<string>sourcecode.cpp.cpp</string>
				<key>fileEncoding</key>
				<string>30</string>
				<key>isa</key>
				<string>PBXFileReference</string>
				<key>name</key>
				<string>ofxOscMessage.cpp</string>
				<key>path</key>
				<string>../../../of_v0.8.1_osx_release/addons/ofxOsc/src/ofxOscMessage.cpp</string>
				<key>sourceTree</key>
				<string>SOURCE_ROOT</string>
			</dict>
			<key>4427ABED1D49AD5B1E0BC2B4</key>
			<dict>
				<key>explicitFileType</key>
				<string>sourcecode.c.h</string>
				<key>fileEncoding</key>
				<string>30</string>
				<key>isa</key>
				<string>PBXFileReference</string>
				<key>name</key>
				<string>ofxOscBundle.h</string>
				<key>path</key>
				<string>../../../of_v0.8.1_osx_release/addons/ofxOsc/src/ofxOscBundle.h</string>
				<key>sourceTree</key>
				<string>SOURCE_ROOT</string>
			</dict>
			<key>5B05DDA706700E1F441F964C</key>
			<dict>
				<key>fileRef</key>
				<string>532C1344FD76F7B78F4D75C1</string>
				<key>isa</key>
				<string>PBXBuildFile</string>
			</dict>
			<key>532C1344FD76F7B78F4D75C1</key>
			<dict>
				<key>explicitFileType</key>
				<string>sourcecode.cpp.cpp</string>
				<key>fileEncoding</key>
				<string>30</string>
				<key>isa</key>
				<string>PBXFileReference</string>
				<key>name</key>
				<string>ofxOscBundle.cpp</string>
				<key>path</key>
				<string>../../../of_v0.8.1_osx_release/addons/ofxOsc/src/ofxOscBundle.cpp</string>
				<key>sourceTree</key>
				<string>SOURCE_ROOT</string>
			</dict>
			<key>D2E29E113BDB7D54D3A0C217</key>
			<dict>
				<key>explicitFileType</key>
				<string>sourcecode.c.h</string>
				<key>fileEncoding</key>
				<string>30</string>
				<key>isa</key>
				<string>PBXFileReference</string>
				<key>name</key>
				<string>ofxOscArg.h</string>
				<key>path</key>
				<string>../../../of_v0.8.1_osx_release/addons/ofxOsc/src/ofxOscArg.h</string>
				<key>sourceTree</key>
				<string>SOURCE_ROOT</string>
			</dict>
			<key>BD2F1A9F8D0C05EDB29122D0</key>
			<dict>
				<key>children</key>
				<array>
					<string>F96DD00717A32B91BAC962F0</string>
					<string>D2E29E113BDB7D54D3A0C217</string>
					<string>532C1344FD76F7B78F4D75C1</string>
					<string>4427ABED1D49AD5B1E0BC2B4</string>
					<string>46450249BC31D630F99D7BE0</string>
					<string>A36B03AC3CB5A5FACD7CBB0D</string>
					<string>CB743890679BD12ED504ECB3</string>
					<string>97069598D0E711F7AC76AD53</string>
					<string>622716702AE02F48C59AC6EA</string>
					<string>684653947AF001B87599BE2E</string>
					<string>C7802B2E66B800F194E988B5</string>
					<string>211E59BB47399A90087B2BBB</string>
				</array>
				<key>isa</key>
				<string>PBXGroup</string>
				<key>name</key>
				<string>src</string>
				<key>sourceTree</key>
				<string>&lt;group&gt;</string>
			</dict>
			<key>E6053AB7FEC63D5F83825B88</key>
			<dict>
				<key>children</key>
				<array>
					<string>BD2F1A9F8D0C05EDB29122D0</string>
					<string>38871A5825686AE018EC2BF0</string>
				</array>
				<key>isa</key>
				<string>PBXGroup</string>
				<key>name</key>
				<string>ofxOsc</string>
				<key>sourceTree</key>
				<string>&lt;group&gt;</string>
			</dict>
			<key>F96DD00717A32B91BAC962F0</key>
			<dict>
				<key>explicitFileType</key>
				<string>sourcecode.c.h</string>
				<key>fileEncoding</key>
				<string>30</string>
				<key>isa</key>
				<string>PBXFileReference</string>
				<key>name</key>
				<string>ofxOsc.h</string>
				<key>path</key>
				<string>../../../of_v0.8.1_osx_release/addons/ofxOsc/src/ofxOsc.h</string>
				<key>sourceTree</key>
				<string>SOURCE_ROOT</string>
			</dict>
			<key>52EC973648303FBEB8004E1E</key>
			<dict>
				<key>explicitFileType</key>
				<string>sourcecode.c.h</string>
				<key>fileEncoding</key>
				<string>30</string>
				<key>isa</key>
				<string>PBXFileReference</string>
				<key>name</key>
				<string>ofxToggle.h</string>
				<key>path</key>
				<string>../../../of_v0.8.1_osx_release/addons/ofxGui/src/ofxToggle.h</string>
				<key>sourceTree</key>
				<string>SOURCE_ROOT</string>
			</dict>
			<key>FEDD749945F75B6C33AFB927</key>
			<dict>
				<key>fileRef</key>
				<string>349ECE2A3E62A96387DD5035</string>
				<key>isa</key>
				<string>PBXBuildFile</string>
			</dict>
			<key>349ECE2A3E62A96387DD5035</key>
			<dict>
				<key>explicitFileType</key>
				<string>sourcecode.cpp.cpp</string>
				<key>fileEncoding</key>
				<string>30</string>
				<key>isa</key>
				<string>PBXFileReference</string>
				<key>name</key>
				<string>ofxToggle.cpp</string>
				<key>path</key>
				<string>../../../of_v0.8.1_osx_release/addons/ofxGui/src/ofxToggle.cpp</string>
				<key>sourceTree</key>
				<string>SOURCE_ROOT</string>
			</dict>
			<key>769ABA604BC2F06E4D4E90F3</key>
			<dict>
				<key>explicitFileType</key>
				<string>sourcecode.c.h</string>
				<key>fileEncoding</key>
				<string>30</string>
				<key>isa</key>
				<string>PBXFileReference</string>
				<key>name</key>
				<string>ofxSliderGroup.h</string>
				<key>path</key>
				<string>../../../of_v0.8.1_osx_release/addons/ofxGui/src/ofxSliderGroup.h</string>
				<key>sourceTree</key>
				<string>SOURCE_ROOT</string>
			</dict>
			<key>E99719BDD0C1F9BE9B084053</key>
			<dict>
				<key>fileRef</key>
				<string>C420006FD900EB683444BC34</string>
				<key>isa</key>
				<string>PBXBuildFile</string>
			</dict>
			<key>C420006FD900EB683444BC34</key>
			<dict>
				<key>explicitFileType</key>
				<string>sourcecode.cpp.cpp</string>
				<key>fileEncoding</key>
				<string>30</string>
				<key>isa</key>
				<string>PBXFileReference</string>
				<key>name</key>
				<string>ofxSliderGroup.cpp</string>
				<key>path</key>
				<string>../../../of_v0.8.1_osx_release/addons/ofxGui/src/ofxSliderGroup.cpp</string>
				<key>sourceTree</key>
				<string>SOURCE_ROOT</string>
			</dict>
			<key>7658EB7BE4CD863CC7B95A58</key>
			<dict>
				<key>explicitFileType</key>
				<string>sourcecode.c.h</string>
				<key>fileEncoding</key>
				<string>30</string>
				<key>isa</key>
				<string>PBXFileReference</string>
				<key>name</key>
				<string>ofxSlider.h</string>
				<key>path</key>
				<string>../../../of_v0.8.1_osx_release/addons/ofxGui/src/ofxSlider.h</string>
				<key>sourceTree</key>
				<string>SOURCE_ROOT</string>
			</dict>
			<key>D82F216FB347B64359785C0F</key>
			<dict>
				<key>fileRef</key>
				<string>9E5A05992AE9602DE35D4A36</string>
				<key>isa</key>
				<string>PBXBuildFile</string>
			</dict>
			<key>9E5A05992AE9602DE35D4A36</key>
			<dict>
				<key>explicitFileType</key>
				<string>sourcecode.cpp.cpp</string>
				<key>fileEncoding</key>
				<string>30</string>
				<key>isa</key>
				<string>PBXFileReference</string>
				<key>name</key>
				<string>ofxSlider.cpp</string>
				<key>path</key>
				<string>../../../of_v0.8.1_osx_release/addons/ofxGui/src/ofxSlider.cpp</string>
				<key>sourceTree</key>
				<string>SOURCE_ROOT</string>
			</dict>
			<key>A07107656D883F27D3827164</key>
			<dict>
				<key>explicitFileType</key>
				<string>sourcecode.c.h</string>
				<key>fileEncoding</key>
				<string>30</string>
				<key>isa</key>
				<string>PBXFileReference</string>
				<key>name</key>
				<string>ofxPanel.h</string>
				<key>path</key>
				<string>../../../of_v0.8.1_osx_release/addons/ofxGui/src/ofxPanel.h</string>
				<key>sourceTree</key>
				<string>SOURCE_ROOT</string>
			</dict>
			<key>D131FA600AE3ED6D2D4A1961</key>
			<dict>
				<key>fileRef</key>
				<string>CCC014387B75BC81C746367B</string>
				<key>isa</key>
				<string>PBXBuildFile</string>
			</dict>
			<key>CCC014387B75BC81C746367B</key>
			<dict>
				<key>explicitFileType</key>
				<string>sourcecode.cpp.cpp</string>
				<key>fileEncoding</key>
				<string>30</string>
				<key>isa</key>
				<string>PBXFileReference</string>
				<key>name</key>
				<string>ofxPanel.cpp</string>
				<key>path</key>
				<string>../../../of_v0.8.1_osx_release/addons/ofxGui/src/ofxPanel.cpp</string>
				<key>sourceTree</key>
				<string>SOURCE_ROOT</string>
			</dict>
			<key>B8338B4886F3DD30955AFC46</key>
			<dict>
				<key>explicitFileType</key>
				<string>sourcecode.c.h</string>
				<key>fileEncoding</key>
				<string>30</string>
				<key>isa</key>
				<string>PBXFileReference</string>
				<key>name</key>
				<string>ofxLabel.h</string>
				<key>path</key>
				<string>../../../of_v0.8.1_osx_release/addons/ofxGui/src/ofxLabel.h</string>
				<key>sourceTree</key>
				<string>SOURCE_ROOT</string>
			</dict>
			<key>0AECC0DA5FB5E07254552C45</key>
			<dict>
				<key>fileRef</key>
				<string>27CA20BAD00E39F0248CF6FE</string>
				<key>isa</key>
				<string>PBXBuildFile</string>
			</dict>
			<key>27CA20BAD00E39F0248CF6FE</key>
			<dict>
				<key>explicitFileType</key>
				<string>sourcecode.cpp.cpp</string>
				<key>fileEncoding</key>
				<string>30</string>
				<key>isa</key>
				<string>PBXFileReference</string>
				<key>name</key>
				<string>ofxLabel.cpp</string>
				<key>path</key>
				<string>../../../of_v0.8.1_osx_release/addons/ofxGui/src/ofxLabel.cpp</string>
				<key>sourceTree</key>
				<string>SOURCE_ROOT</string>
			</dict>
			<key>A4CF823BAAB12B19099E264F</key>
			<dict>
				<key>explicitFileType</key>
				<string>sourcecode.c.h</string>
				<key>fileEncoding</key>
				<string>30</string>
				<key>isa</key>
				<string>PBXFileReference</string>
				<key>name</key>
				<string>ofxGuiGroup.h</string>
				<key>path</key>
				<string>../../../of_v0.8.1_osx_release/addons/ofxGui/src/ofxGuiGroup.h</string>
				<key>sourceTree</key>
				<string>SOURCE_ROOT</string>
			</dict>
			<key>9809968A5230330D99F6E9EF</key>
			<dict>
				<key>fileRef</key>
				<string>60D5B700807512D02F13389A</string>
				<key>isa</key>
				<string>PBXBuildFile</string>
			</dict>
			<key>60D5B700807512D02F13389A</key>
			<dict>
				<key>explicitFileType</key>
				<string>sourcecode.cpp.cpp</string>
				<key>fileEncoding</key>
				<string>30</string>
				<key>isa</key>
				<string>PBXFileReference</string>
				<key>name</key>
				<string>ofxGuiGroup.cpp</string>
				<key>path</key>
				<string>../../../of_v0.8.1_osx_release/addons/ofxGui/src/ofxGuiGroup.cpp</string>
				<key>sourceTree</key>
				<string>SOURCE_ROOT</string>
			</dict>
			<key>E0EDBF4932D9AA8C184F9A90</key>
			<dict>
				<key>explicitFileType</key>
				<string>sourcecode.c.h</string>
				<key>fileEncoding</key>
				<string>30</string>
				<key>isa</key>
				<string>PBXFileReference</string>
				<key>name</key>
				<string>ofxGui.h</string>
				<key>path</key>
				<string>../../../of_v0.8.1_osx_release/addons/ofxGui/src/ofxGui.h</string>
				<key>sourceTree</key>
				<string>SOURCE_ROOT</string>
			</dict>
			<key>FBABDD9A1AA058AFBEEFA9FA</key>
			<dict>
				<key>explicitFileType</key>
				<string>sourcecode.c.h</string>
				<key>fileEncoding</key>
				<string>30</string>
				<key>isa</key>
				<string>PBXFileReference</string>
				<key>name</key>
				<string>ofxButton.h</string>
				<key>path</key>
				<string>../../../of_v0.8.1_osx_release/addons/ofxGui/src/ofxButton.h</string>
				<key>sourceTree</key>
				<string>SOURCE_ROOT</string>
			</dict>
			<key>BF60AAC82E112B6206187ACC</key>
			<dict>
				<key>fileRef</key>
				<string>AD81DF1F17E95EF027A7DFD3</string>
				<key>isa</key>
				<string>PBXBuildFile</string>
			</dict>
			<key>AD81DF1F17E95EF027A7DFD3</key>
			<dict>
				<key>explicitFileType</key>
				<string>sourcecode.cpp.cpp</string>
				<key>fileEncoding</key>
				<string>30</string>
				<key>isa</key>
				<string>PBXFileReference</string>
				<key>name</key>
				<string>ofxButton.cpp</string>
				<key>path</key>
				<string>../../../of_v0.8.1_osx_release/addons/ofxGui/src/ofxButton.cpp</string>
				<key>sourceTree</key>
				<string>SOURCE_ROOT</string>
			</dict>
			<key>CEB4341C090DEEB0C915FDC5</key>
			<dict>
				<key>explicitFileType</key>
				<string>sourcecode.c.h</string>
				<key>fileEncoding</key>
				<string>30</string>
				<key>isa</key>
				<string>PBXFileReference</string>
				<key>name</key>
				<string>ofxBaseGui.h</string>
				<key>path</key>
				<string>../../../of_v0.8.1_osx_release/addons/ofxGui/src/ofxBaseGui.h</string>
				<key>sourceTree</key>
				<string>SOURCE_ROOT</string>
			</dict>
			<key>A763ED608B35AE3310251DEE</key>
			<dict>
				<key>children</key>
				<array>
					<string>D08FB9050A65AEEF007BED0A</string>
					<string>CEB4341C090DEEB0C915FDC5</string>
					<string>AD81DF1F17E95EF027A7DFD3</string>
					<string>FBABDD9A1AA058AFBEEFA9FA</string>
					<string>E0EDBF4932D9AA8C184F9A90</string>
					<string>60D5B700807512D02F13389A</string>
					<string>A4CF823BAAB12B19099E264F</string>
					<string>27CA20BAD00E39F0248CF6FE</string>
					<string>B8338B4886F3DD30955AFC46</string>
					<string>CCC014387B75BC81C746367B</string>
					<string>A07107656D883F27D3827164</string>
					<string>9E5A05992AE9602DE35D4A36</string>
					<string>7658EB7BE4CD863CC7B95A58</string>
					<string>C420006FD900EB683444BC34</string>
					<string>769ABA604BC2F06E4D4E90F3</string>
					<string>349ECE2A3E62A96387DD5035</string>
					<string>52EC973648303FBEB8004E1E</string>
				</array>
				<key>isa</key>
				<string>PBXGroup</string>
				<key>name</key>
				<string>src</string>
				<key>sourceTree</key>
				<string>&lt;group&gt;</string>
			</dict>
			<key>480A780D8D0308AE4A368801</key>
			<dict>
				<key>children</key>
				<array>
					<string>A763ED608B35AE3310251DEE</string>
				</array>
				<key>isa</key>
				<string>PBXGroup</string>
				<key>name</key>
				<string>ofxGui</string>
				<key>sourceTree</key>
				<string>&lt;group&gt;</string>
			</dict>
			<key>1FF65B13F62F4161B030EE2A</key>
			<dict>
				<key>fileRef</key>
				<string>D08FB9050A65AEEF007BED0A</string>
				<key>isa</key>
				<string>PBXBuildFile</string>
			</dict>
			<key>D08FB9050A65AEEF007BED0A</key>
			<dict>
				<key>explicitFileType</key>
				<string>sourcecode.cpp.cpp</string>
				<key>fileEncoding</key>
				<string>30</string>
				<key>isa</key>
				<string>PBXFileReference</string>
				<key>name</key>
				<string>ofxBaseGui.cpp</string>
				<key>path</key>
				<string>../../../of_v0.8.1_osx_release/addons/ofxGui/src/ofxBaseGui.cpp</string>
				<key>sourceTree</key>
				<string>SOURCE_ROOT</string>
			</dict>
			<key>BB4B014C10F69532006C3DED</key>
			<dict>
				<key>children</key>
				<array>
					<string>480A780D8D0308AE4A368801</string>
					<string>E6053AB7FEC63D5F83825B88</string>
					<string>1F4FB5C423662B96ADFDCC0B</string>
				</array>
				<key>isa</key>
				<string>PBXGroup</string>
				<key>name</key>
				<string>addons</string>
				<key>sourceTree</key>
				<string>&lt;group&gt;</string>
			</dict>
			<key>BBAB23BE13894E4700AA2426</key>
			<dict>
				<key>isa</key>
				<string>PBXFileReference</string>
				<key>lastKnownFileType</key>
				<string>wrapper.framework</string>
				<key>name</key>
				<string>GLUT.framework</string>
				<key>path</key>
				<string>../../../of_v0.8.1_osx_release/libs/glut/lib/osx/GLUT.framework</string>
				<key>sourceTree</key>
				<string>&lt;group&gt;</string>
			</dict>
			<key>BBAB23C913894ECA00AA2426</key>
			<dict>
				<key>children</key>
				<array>
					<string>E7F985F515E0DE99003869B5</string>
					<string>E4C2424410CC5A17004149E2</string>
					<string>E4C2424510CC5A17004149E2</string>
					<string>E4C2424610CC5A17004149E2</string>
					<string>E45BE9710E8CC7DD009D7055</string>
					<string>E45BE9720E8CC7DD009D7055</string>
					<string>E45BE9730E8CC7DD009D7055</string>
					<string>E45BE9750E8CC7DD009D7055</string>
					<string>E45BE9760E8CC7DD009D7055</string>
					<string>E45BE9770E8CC7DD009D7055</string>
					<string>E45BE9790E8CC7DD009D7055</string>
					<string>E45BE97A0E8CC7DD009D7055</string>
					<string>E7E077E415D3B63C0020DFD4</string>
					<string>E7E077E715D3B6510020DFD4</string>
				</array>
				<key>isa</key>
				<string>PBXGroup</string>
				<key>name</key>
				<string>system frameworks</string>
				<key>sourceTree</key>
				<string>&lt;group&gt;</string>
			</dict>
			<key>BBAB23CA13894EDB00AA2426</key>
			<dict>
				<key>children</key>
				<array>
					<string>BBAB23BE13894E4700AA2426</string>
				</array>
				<key>isa</key>
				<string>PBXGroup</string>
				<key>name</key>
				<string>3rd party frameworks</string>
				<key>sourceTree</key>
				<string>&lt;group&gt;</string>
			</dict>
			<key>BBAB23CB13894F3D00AA2426</key>
			<dict>
				<key>fileRef</key>
				<string>BBAB23BE13894E4700AA2426</string>
				<key>isa</key>
				<string>PBXBuildFile</string>
			</dict>
			<key>E4328143138ABC890047C5CB</key>
			<dict>
				<key>isa</key>
				<string>PBXFileReference</string>
				<key>lastKnownFileType</key>
				<string>wrapper.pb-project</string>
				<key>name</key>
				<string>openFrameworksLib.xcodeproj</string>
				<key>path</key>
				<string>../../../of_v0.8.1_osx_release/libs/openFrameworksCompiled/project/osx/openFrameworksLib.xcodeproj</string>
				<key>sourceTree</key>
				<string>SOURCE_ROOT</string>
			</dict>
			<key>E4328144138ABC890047C5CB</key>
			<dict>
				<key>children</key>
				<array>
					<string>E4328148138ABC890047C5CB</string>
				</array>
				<key>isa</key>
				<string>PBXGroup</string>
				<key>name</key>
				<string>Products</string>
				<key>sourceTree</key>
				<string>&lt;group&gt;</string>
			</dict>
			<key>E4328147138ABC890047C5CB</key>
			<dict>
				<key>containerPortal</key>
				<string>E4328143138ABC890047C5CB</string>
				<key>isa</key>
				<string>PBXContainerItemProxy</string>
				<key>proxyType</key>
				<string>2</string>
				<key>remoteGlobalIDString</key>
				<string>E4B27C1510CBEB8E00536013</string>
				<key>remoteInfo</key>
				<string>openFrameworks</string>
			</dict>
			<key>E4328148138ABC890047C5CB</key>
			<dict>
				<key>fileType</key>
				<string>archive.ar</string>
				<key>isa</key>
				<string>PBXReferenceProxy</string>
				<key>path</key>
				<string>openFrameworksDebug.a</string>
				<key>remoteRef</key>
				<string>E4328147138ABC890047C5CB</string>
				<key>sourceTree</key>
				<string>BUILT_PRODUCTS_DIR</string>
			</dict>
			<key>E4328149138ABC9F0047C5CB</key>
			<dict>
				<key>fileRef</key>
				<string>E4328148138ABC890047C5CB</string>
				<key>isa</key>
				<string>PBXBuildFile</string>
			</dict>
			<key>E45BE5980E8CC70C009D7055</key>
			<dict>
				<key>children</key>
				<array>
					<string>BBAB23CA13894EDB00AA2426</string>
					<string>BBAB23C913894ECA00AA2426</string>
				</array>
				<key>isa</key>
				<string>PBXGroup</string>
				<key>name</key>
				<string>frameworks</string>
				<key>sourceTree</key>
				<string>&lt;group&gt;</string>
			</dict>
			<key>E45BE9710E8CC7DD009D7055</key>
			<dict>
				<key>isa</key>
				<string>PBXFileReference</string>
				<key>lastKnownFileType</key>
				<string>wrapper.framework</string>
				<key>name</key>
				<string>AGL.framework</string>
				<key>path</key>
				<string>/System/Library/Frameworks/AGL.framework</string>
				<key>sourceTree</key>
				<string>&lt;absolute&gt;</string>
			</dict>
			<key>E45BE9720E8CC7DD009D7055</key>
			<dict>
				<key>isa</key>
				<string>PBXFileReference</string>
				<key>lastKnownFileType</key>
				<string>wrapper.framework</string>
				<key>name</key>
				<string>ApplicationServices.framework</string>
				<key>path</key>
				<string>/System/Library/Frameworks/ApplicationServices.framework</string>
				<key>sourceTree</key>
				<string>&lt;absolute&gt;</string>
			</dict>
			<key>E45BE9730E8CC7DD009D7055</key>
			<dict>
				<key>isa</key>
				<string>PBXFileReference</string>
				<key>lastKnownFileType</key>
				<string>wrapper.framework</string>
				<key>name</key>
				<string>AudioToolbox.framework</string>
				<key>path</key>
				<string>/System/Library/Frameworks/AudioToolbox.framework</string>
				<key>sourceTree</key>
				<string>&lt;absolute&gt;</string>
			</dict>
			<key>E45BE9750E8CC7DD009D7055</key>
			<dict>
				<key>isa</key>
				<string>PBXFileReference</string>
				<key>lastKnownFileType</key>
				<string>wrapper.framework</string>
				<key>name</key>
				<string>CoreAudio.framework</string>
				<key>path</key>
				<string>/System/Library/Frameworks/CoreAudio.framework</string>
				<key>sourceTree</key>
				<string>&lt;absolute&gt;</string>
			</dict>
			<key>E45BE9760E8CC7DD009D7055</key>
			<dict>
				<key>isa</key>
				<string>PBXFileReference</string>
				<key>lastKnownFileType</key>
				<string>wrapper.framework</string>
				<key>name</key>
				<string>CoreFoundation.framework</string>
				<key>path</key>
				<string>/System/Library/Frameworks/CoreFoundation.framework</string>
				<key>sourceTree</key>
				<string>&lt;absolute&gt;</string>
			</dict>
			<key>E45BE9770E8CC7DD009D7055</key>
			<dict>
				<key>isa</key>
				<string>PBXFileReference</string>
				<key>lastKnownFileType</key>
				<string>wrapper.framework</string>
				<key>name</key>
				<string>CoreServices.framework</string>
				<key>path</key>
				<string>/System/Library/Frameworks/CoreServices.framework</string>
				<key>sourceTree</key>
				<string>&lt;absolute&gt;</string>
			</dict>
			<key>E45BE9790E8CC7DD009D7055</key>
			<dict>
				<key>isa</key>
				<string>PBXFileReference</string>
				<key>lastKnownFileType</key>
				<string>wrapper.framework</string>
				<key>name</key>
				<string>OpenGL.framework</string>
				<key>path</key>
				<string>/System/Library/Frameworks/OpenGL.framework</string>
				<key>sourceTree</key>
				<string>&lt;absolute&gt;</string>
			</dict>
			<key>E45BE97A0E8CC7DD009D7055</key>
			<dict>
				<key>isa</key>
				<string>PBXFileReference</string>
				<key>lastKnownFileType</key>
				<string>wrapper.framework</string>
				<key>name</key>
				<string>QuickTime.framework</string>
				<key>path</key>
				<string>/System/Library/Frameworks/QuickTime.framework</string>
				<key>sourceTree</key>
				<string>&lt;absolute&gt;</string>
			</dict>
			<key>E45BE97B0E8CC7DD009D7055</key>
			<dict>
				<key>fileRef</key>
				<string>E45BE9710E8CC7DD009D7055</string>
				<key>isa</key>
				<string>PBXBuildFile</string>
			</dict>
			<key>E45BE97C0E8CC7DD009D7055</key>
			<dict>
				<key>fileRef</key>
				<string>E45BE9720E8CC7DD009D7055</string>
				<key>isa</key>
				<string>PBXBuildFile</string>
			</dict>
			<key>E45BE97D0E8CC7DD009D7055</key>
			<dict>
				<key>fileRef</key>
				<string>E45BE9730E8CC7DD009D7055</string>
				<key>isa</key>
				<string>PBXBuildFile</string>
			</dict>
			<key>E45BE97F0E8CC7DD009D7055</key>
			<dict>
				<key>fileRef</key>
				<string>E45BE9750E8CC7DD009D7055</string>
				<key>isa</key>
				<string>PBXBuildFile</string>
			</dict>
			<key>E45BE9800E8CC7DD009D7055</key>
			<dict>
				<key>fileRef</key>
				<string>E45BE9760E8CC7DD009D7055</string>
				<key>isa</key>
				<string>PBXBuildFile</string>
			</dict>
			<key>E45BE9810E8CC7DD009D7055</key>
			<dict>
				<key>fileRef</key>
				<string>E45BE9770E8CC7DD009D7055</string>
				<key>isa</key>
				<string>PBXBuildFile</string>
			</dict>
			<key>E45BE9830E8CC7DD009D7055</key>
			<dict>
				<key>fileRef</key>
				<string>E45BE9790E8CC7DD009D7055</string>
				<key>isa</key>
				<string>PBXBuildFile</string>
			</dict>
			<key>E45BE9840E8CC7DD009D7055</key>
			<dict>
				<key>fileRef</key>
				<string>E45BE97A0E8CC7DD009D7055</string>
				<key>isa</key>
				<string>PBXBuildFile</string>
			</dict>
			<key>E4B69B4A0A3A1720003C02F2</key>
			<dict>
				<key>children</key>
				<array>
					<string>E4B6FCAD0C3E899E008CF71C</string>
					<string>E4EB6923138AFD0F00A09F29</string>
					<string>E4B69E1C0A3A1BDC003C02F2</string>
					<string>E4EEC9E9138DF44700A80321</string>
					<string>BB4B014C10F69532006C3DED</string>
					<string>E45BE5980E8CC70C009D7055</string>
					<string>E4B69B5B0A3A1756003C02F2</string>
				</array>
				<key>isa</key>
				<string>PBXGroup</string>
				<key>sourceTree</key>
				<string>&lt;group&gt;</string>
			</dict>
			<key>E4B69B4C0A3A1720003C02F2</key>
			<dict>
				<key>attributes</key>
				<dict>
					<key>LastUpgradeCheck</key>
					<string>0460</string>
				</dict>
				<key>buildConfigurationList</key>
				<string>E4B69B4D0A3A1720003C02F2</string>
				<key>compatibilityVersion</key>
				<string>Xcode 3.2</string>
				<key>developmentRegion</key>
				<string>English</string>
				<key>hasScannedForEncodings</key>
				<string>0</string>
				<key>isa</key>
				<string>PBXProject</string>
				<key>knownRegions</key>
				<array>
					<string>English</string>
					<string>Japanese</string>
					<string>French</string>
					<string>German</string>
				</array>
				<key>mainGroup</key>
				<string>E4B69B4A0A3A1720003C02F2</string>
				<key>productRefGroup</key>
				<string>E4B69B4A0A3A1720003C02F2</string>
				<key>projectDirPath</key>
				<string />
				<key>projectReferences</key>
				<array>
					<dict>
						<key>ProductGroup</key>
						<string>E4328144138ABC890047C5CB</string>
						<key>ProjectRef</key>
						<string>E4328143138ABC890047C5CB</string>
					</dict>
				</array>
				<key>projectRoot</key>
				<string />
				<key>targets</key>
				<array>
					<string>E4B69B5A0A3A1756003C02F2</string>
				</array>
			</dict>
			<key>E4B69B4D0A3A1720003C02F2</key>
			<dict>
				<key>buildConfigurations</key>
				<array>
					<string>E4B69B4E0A3A1720003C02F2</string>
					<string>E4B69B4F0A3A1720003C02F2</string>
				</array>
				<key>defaultConfigurationIsVisible</key>
				<string>0</string>
				<key>defaultConfigurationName</key>
				<string>Release</string>
				<key>isa</key>
				<string>XCConfigurationList</string>
			</dict>
			<key>E4B69B4E0A3A1720003C02F2</key>
			<dict>
				<key>baseConfigurationReference</key>
				<string>E4EB6923138AFD0F00A09F29</string>
				<key>buildSettings</key>
				<dict>
					<key>HEADER_SEARCH_PATHS</key>
					<array>
						<string>$(OF_CORE_HEADERS)</string>
						<string>../../../of_v0.8.1_osx_release/addons/ofxGui/libs</string>
						<string>../../../of_v0.8.1_osx_release/addons/ofxGui/src</string>
						<string>../../../of_v0.8.1_osx_release/addons/ofxOsc/libs</string>
						<string>../../../of_v0.8.1_osx_release/addons/ofxOsc/libs/oscpack</string>
						<string>../../../of_v0.8.1_osx_release/addons/ofxOsc/libs/oscpack/src</string>
						<string>../../../of_v0.8.1_osx_release/addons/ofxOsc/libs/oscpack/src/ip</string>
						<string>../../../of_v0.8.1_osx_release/addons/ofxOsc/libs/oscpack/src/ip/posix</string>
						<string>../../../of_v0.8.1_osx_release/addons/ofxOsc/libs/oscpack/src/ip/win32</string>
						<string>../../../of_v0.8.1_osx_release/addons/ofxOsc/libs/oscpack/src/osc</string>
						<string>../../../of_v0.8.1_osx_release/addons/ofxOsc/src</string>
						<string>../../../of_v0.8.1_osx_release/addons/ofxXmlSettings/libs</string>
						<string>../../../of_v0.8.1_osx_release/addons/ofxXmlSettings/src</string>
					</array>
					<key>ARCHS</key>
					<string>$(NATIVE_ARCH)</string>
					<key>CONFIGURATION_BUILD_DIR</key>
					<string>$(SRCROOT)/bin/</string>
					<key>COPY_PHASE_STRIP</key>
					<string>NO</string>
					<key>DEAD_CODE_STRIPPING</key>
					<string>YES</string>
					<key>GCC_AUTO_VECTORIZATION</key>
					<string>YES</string>
					<key>GCC_ENABLE_SSE3_EXTENSIONS</key>
					<string>YES</string>
					<key>GCC_ENABLE_SUPPLEMENTAL_SSE3_INSTRUCTIONS</key>
					<string>YES</string>
					<key>GCC_INLINES_ARE_PRIVATE_EXTERN</key>
					<string>NO</string>
					<key>GCC_OPTIMIZATION_LEVEL</key>
					<string>0</string>
					<key>GCC_SYMBOLS_PRIVATE_EXTERN</key>
					<string>NO</string>
					<key>GCC_WARN_ABOUT_DEPRECATED_FUNCTIONS</key>
					<string>YES</string>
					<key>GCC_WARN_ABOUT_INVALID_OFFSETOF_MACRO</key>
					<string>NO</string>
					<key>GCC_WARN_ALLOW_INCOMPLETE_PROTOCOL</key>
					<string>NO</string>
					<key>GCC_WARN_UNINITIALIZED_AUTOS</key>
					<string>NO</string>
					<key>GCC_WARN_UNUSED_VALUE</key>
					<string>NO</string>
					<key>GCC_WARN_UNUSED_VARIABLE</key>
					<string>NO</string>
					<key>MACOSX_DEPLOYMENT_TARGET</key>
					<string>10.6</string>
					<key>OTHER_CPLUSPLUSFLAGS</key>
					<array>
						<string>-D__MACOSX_CORE__</string>
						<string>-lpthread</string>
						<string>-mtune=native</string>
					</array>
					<key>SDKROOT</key>
					<string>macosx</string>
				</dict>
				<key>isa</key>
				<string>XCBuildConfiguration</string>
				<key>name</key>
				<string>Debug</string>
			</dict>
			<key>E4B69B4F0A3A1720003C02F2</key>
			<dict>
				<key>baseConfigurationReference</key>
				<string>E4EB6923138AFD0F00A09F29</string>
				<key>buildSettings</key>
				<dict>
					<key>HEADER_SEARCH_PATHS</key>
					<array>
						<string>$(OF_CORE_HEADERS)</string>
						<string>../../../of_v0.8.1_osx_release/addons/ofxGui/libs</string>
						<string>../../../of_v0.8.1_osx_release/addons/ofxGui/src</string>
						<string>../../../of_v0.8.1_osx_release/addons/ofxOsc/libs</string>
						<string>../../../of_v0.8.1_osx_release/addons/ofxOsc/libs/oscpack</string>
						<string>../../../of_v0.8.1_osx_release/addons/ofxOsc/libs/oscpack/src</string>
						<string>../../../of_v0.8.1_osx_release/addons/ofxOsc/libs/oscpack/src/ip</string>
						<string>../../../of_v0.8.1_osx_release/addons/ofxOsc/libs/oscpack/src/ip/posix</string>
						<string>../../../of_v0.8.1_osx_release/addons/ofxOsc/libs/oscpack/src/ip/win32</string>
						<string>../../../of_v0.8.1_osx_release/addons/ofxOsc/libs/oscpack/src/osc</string>
						<string>../../../of_v0.8.1_osx_release/addons/ofxOsc/src</string>
						<string>../../../of_v0.8.1_osx_release/addons/ofxXmlSettings/libs</string>
						<string>../../../of_v0.8.1_osx_release/addons/ofxXmlSettings/src</string>
					</array>
					<key>ARCHS</key>
					<string>$(NATIVE_ARCH)</string>
					<key>CONFIGURATION_BUILD_DIR</key>
					<string>$(SRCROOT)/bin/</string>
					<key>COPY_PHASE_STRIP</key>
					<string>YES</string>
					<key>DEAD_CODE_STRIPPING</key>
					<string>YES</string>
					<key>GCC_AUTO_VECTORIZATION</key>
					<string>YES</string>
					<key>GCC_ENABLE_SSE3_EXTENSIONS</key>
					<string>YES</string>
					<key>GCC_ENABLE_SUPPLEMENTAL_SSE3_INSTRUCTIONS</key>
					<string>YES</string>
					<key>GCC_INLINES_ARE_PRIVATE_EXTERN</key>
					<string>NO</string>
					<key>GCC_OPTIMIZATION_LEVEL</key>
					<string>3</string>
					<key>GCC_SYMBOLS_PRIVATE_EXTERN</key>
					<string>NO</string>
					<key>GCC_UNROLL_LOOPS</key>
					<string>YES</string>
					<key>GCC_WARN_ABOUT_DEPRECATED_FUNCTIONS</key>
					<string>YES</string>
					<key>GCC_WARN_ABOUT_INVALID_OFFSETOF_MACRO</key>
					<string>NO</string>
					<key>GCC_WARN_ALLOW_INCOMPLETE_PROTOCOL</key>
					<string>NO</string>
					<key>GCC_WARN_UNINITIALIZED_AUTOS</key>
					<string>NO</string>
					<key>GCC_WARN_UNUSED_VALUE</key>
					<string>NO</string>
					<key>GCC_WARN_UNUSED_VARIABLE</key>
					<string>NO</string>
					<key>MACOSX_DEPLOYMENT_TARGET</key>
					<string>10.6</string>
					<key>OTHER_CPLUSPLUSFLAGS</key>
					<array>
						<string>-D__MACOSX_CORE__</string>
						<string>-lpthread</string>
						<string>-mtune=native</string>
					</array>
					<key>SDKROOT</key>
					<string>macosx</string>
				</dict>
				<key>isa</key>
				<string>XCBuildConfiguration</string>
				<key>name</key>
				<string>Release</string>
			</dict>
			<key>E4B69B580A3A1756003C02F2</key>
			<dict>
				<key>buildActionMask</key>
				<string>2147483647</string>
				<key>files</key>
				<array>
					<string>E4B69E200A3A1BDC003C02F2</string>
					<string>E4B69E210A3A1BDC003C02F2</string>
					<string>1FF65B13F62F4161B030EE2A</string>
					<string>BF60AAC82E112B6206187ACC</string>
					<string>9809968A5230330D99F6E9EF</string>
					<string>0AECC0DA5FB5E07254552C45</string>
					<string>D131FA600AE3ED6D2D4A1961</string>
					<string>D82F216FB347B64359785C0F</string>
					<string>E99719BDD0C1F9BE9B084053</string>
					<string>FEDD749945F75B6C33AFB927</string>
					<string>5B05DDA706700E1F441F964C</string>
					<string>2BB343C9D8FE6442F80B3F29</string>
					<string>964382E466E5E8FCA48DE3D4</string>
					<string>11DB38D40245BF5443F120EA</string>
					<string>AF81808632C8FCF45ECB93DE</string>
					<string>7253FB90C79B68EBA6F1F03A</string>
					<string>D6B6CE0AF25C0987759F5A6C</string>
					<string>32989E7E9864959658F17460</string>
					<string>887F5E7A37ECB7DF2A4CAB3F</string>
					<string>502002C14DB69460B6CFEFC7</string>
					<string>09355AD30BA9A32B20645F53</string>
					<string>55F5774642360B8EB19711C0</string>
					<string>126DD1CAD81C8AC5E99C7F96</string>
					<string>264643EA2AAE4D5E199CCD3A</string>
					<string>E1E1A1EB7026C4039561B3A3</string>
					<string>38CC956E7235F55EC9FD5781</string>
					<string>A88802B3523E25D07D316AC6</string>
					<string>C100EE4C5AA67D4E246A0CD2</string>
				</array>
				<key>isa</key>
				<string>PBXSourcesBuildPhase</string>
				<key>runOnlyForDeploymentPostprocessing</key>
				<string>0</string>
			</dict>
			<key>E4B69B590A3A1756003C02F2</key>
			<dict>
				<key>buildActionMask</key>
				<string>2147483647</string>
				<key>files</key>
				<array>
					<string>E7F985F815E0DEA3003869B5</string>
					<string>E7E077E815D3B6510020DFD4</string>
					<string>E4EB6799138ADC1D00A09F29</string>
					<string>E4328149138ABC9F0047C5CB</string>
					<string>E45BE97B0E8CC7DD009D7055</string>
					<string>E45BE97C0E8CC7DD009D7055</string>
					<string>E45BE97D0E8CC7DD009D7055</string>
					<string>E45BE97F0E8CC7DD009D7055</string>
					<string>E45BE9800E8CC7DD009D7055</string>
					<string>E45BE9810E8CC7DD009D7055</string>
					<string>E45BE9830E8CC7DD009D7055</string>
					<string>E45BE9840E8CC7DD009D7055</string>
					<string>E4C2424710CC5A17004149E2</string>
					<string>E4C2424810CC5A17004149E2</string>
					<string>E4C2424910CC5A17004149E2</string>
					<string>E7E077E515D3B63C0020DFD4</string>
				</array>
				<key>isa</key>
				<string>PBXFrameworksBuildPhase</string>
				<key>runOnlyForDeploymentPostprocessing</key>
				<string>0</string>
			</dict>
			<key>E4B69B5A0A3A1756003C02F2</key>
			<dict>
				<key>buildConfigurationList</key>
				<string>E4B69B5F0A3A1757003C02F2</string>
				<key>buildPhases</key>
				<array>
					<string>E4B69B580A3A1756003C02F2</string>
					<string>E4B69B590A3A1756003C02F2</string>
					<string>E4B6FFFD0C3F9AB9008CF71C</string>
					<string>E4C2427710CC5ABF004149E2</string>
				</array>
				<key>buildRules</key>
				<array />
				<key>dependencies</key>
				<array>
					<string>E4EEB9AC138B136A00A80321</string>
				</array>
				<key>isa</key>
				<string>PBXNativeTarget</string>
				<key>name</key>
				<string>Heartbeater</string>
				<key>productName</key>
				<string>myOFApp</string>
				<key>productReference</key>
				<string>E4B69B5B0A3A1756003C02F2</string>
				<key>productType</key>
				<string>com.apple.product-type.application</string>
			</dict>
			<key>E4B69B5B0A3A1756003C02F2</key>
			<dict>
				<key>explicitFileType</key>
				<string>wrapper.application</string>
				<key>includeInIndex</key>
				<string>0</string>
				<key>isa</key>
				<string>PBXFileReference</string>
				<key>path</key>
				<string>HeartbeaterDebug.app</string>
				<key>sourceTree</key>
				<string>BUILT_PRODUCTS_DIR</string>
			</dict>
			<key>E4B69B5F0A3A1757003C02F2</key>
			<dict>
				<key>buildConfigurations</key>
				<array>
					<string>E4B69B600A3A1757003C02F2</string>
					<string>E4B69B610A3A1757003C02F2</string>
				</array>
				<key>defaultConfigurationIsVisible</key>
				<string>0</string>
				<key>defaultConfigurationName</key>
				<string>Release</string>
				<key>isa</key>
				<string>XCConfigurationList</string>
			</dict>
			<key>E4B69B600A3A1757003C02F2</key>
			<dict>
				<key>buildSettings</key>
				<dict>
					<key>COMBINE_HIDPI_IMAGES</key>
					<string>YES</string>
					<key>COPY_PHASE_STRIP</key>
					<string>NO</string>
					<key>FRAMEWORK_SEARCH_PATHS</key>
					<array>
						<string>$(inherited)</string>
						<string>$(FRAMEWORK_SEARCH_PATHS_QUOTED_FOR_TARGET_1)</string>
					</array>
					<key>FRAMEWORK_SEARCH_PATHS_QUOTED_FOR_TARGET_1</key>
					<string>"$(SRCROOT)/../../../of_v0.8.1_osx_release/libs/glut/lib/osx"</string>
					<key>GCC_DYNAMIC_NO_PIC</key>
					<string>NO</string>
					<key>GCC_GENERATE_DEBUGGING_SYMBOLS</key>
					<string>YES</string>
					<key>GCC_MODEL_TUNING</key>
					<string>NONE</string>
					<key>ICON</key>
					<string>$(ICON_NAME_DEBUG)</string>
					<key>ICON_FILE</key>
					<string>$(ICON_FILE_PATH)$(ICON)</string>
					<key>INFOPLIST_FILE</key>
					<string>openFrameworks-Info.plist</string>
					<key>INSTALL_PATH</key>
					<string>$(HOME)/Applications</string>
					<key>LIBRARY_SEARCH_PATHS</key>
					<array>
						<string>$(inherited)</string>
						<string>$(LIBRARY_SEARCH_PATHS_QUOTED_FOR_TARGET_1)</string>
						<string>$(LIBRARY_SEARCH_PATHS_QUOTED_FOR_TARGET_2)</string>
						<string>$(LIBRARY_SEARCH_PATHS_QUOTED_FOR_TARGET_3)</string>
						<string>$(LIBRARY_SEARCH_PATHS_QUOTED_FOR_TARGET_4)</string>
						<string>$(LIBRARY_SEARCH_PATHS_QUOTED_FOR_TARGET_5)</string>
						<string>$(LIBRARY_SEARCH_PATHS_QUOTED_FOR_TARGET_6)</string>
						<string>$(LIBRARY_SEARCH_PATHS_QUOTED_FOR_TARGET_7)</string>
						<string>$(LIBRARY_SEARCH_PATHS_QUOTED_FOR_TARGET_8)</string>
						<string>$(LIBRARY_SEARCH_PATHS_QUOTED_FOR_TARGET_9)</string>
						<string>$(LIBRARY_SEARCH_PATHS_QUOTED_FOR_TARGET_10)</string>
						<string>$(LIBRARY_SEARCH_PATHS_QUOTED_FOR_TARGET_11)</string>
						<string>$(LIBRARY_SEARCH_PATHS_QUOTED_FOR_TARGET_12)</string>
						<string>$(LIBRARY_SEARCH_PATHS_QUOTED_FOR_TARGET_13)</string>
						<string>$(LIBRARY_SEARCH_PATHS_QUOTED_FOR_TARGET_14)</string>
						<string>$(LIBRARY_SEARCH_PATHS_QUOTED_FOR_TARGET_15)</string>
						<string>$(LIBRARY_SEARCH_PATHS_QUOTED_FOR_TARGET_2)</string>
						<string>$(LIBRARY_SEARCH_PATHS_QUOTED_FOR_TARGET_3)</string>
						<string>$(LIBRARY_SEARCH_PATHS_QUOTED_FOR_TARGET_7)</string>
						<string>$(LIBRARY_SEARCH_PATHS_QUOTED_FOR_TARGET_8)</string>
						<string>$(LIBRARY_SEARCH_PATHS_QUOTED_FOR_TARGET_9)</string>
						<string>$(LIBRARY_SEARCH_PATHS_QUOTED_FOR_TARGET_10)</string>
						<string>$(LIBRARY_SEARCH_PATHS_QUOTED_FOR_TARGET_11)</string>
						<string>$(LIBRARY_SEARCH_PATHS_QUOTED_FOR_TARGET_12)</string>
						<string>$(LIBRARY_SEARCH_PATHS_QUOTED_FOR_TARGET_13)</string>
						<string>$(LIBRARY_SEARCH_PATHS_QUOTED_FOR_TARGET_16)</string>
						<string>$(LIBRARY_SEARCH_PATHS_QUOTED_FOR_TARGET_17)</string>
						<string>$(LIBRARY_SEARCH_PATHS_QUOTED_FOR_TARGET_18)</string>
						<string>$(LIBRARY_SEARCH_PATHS_QUOTED_FOR_TARGET_19)</string>
						<string>$(LIBRARY_SEARCH_PATHS_QUOTED_FOR_TARGET_20)</string>
						<string>$(LIBRARY_SEARCH_PATHS_QUOTED_FOR_TARGET_21)</string>
						<string>$(LIBRARY_SEARCH_PATHS_QUOTED_FOR_TARGET_22)</string>
						<string>$(LIBRARY_SEARCH_PATHS_QUOTED_FOR_TARGET_23)</string>
						<string>$(LIBRARY_SEARCH_PATHS_QUOTED_FOR_TARGET_24)</string>
						<string>$(LIBRARY_SEARCH_PATHS_QUOTED_FOR_TARGET_25)</string>
						<string>$(LIBRARY_SEARCH_PATHS_QUOTED_FOR_TARGET_26)</string>
						<string>$(LIBRARY_SEARCH_PATHS_QUOTED_FOR_TARGET_27)</string>
						<string>$(LIBRARY_SEARCH_PATHS_QUOTED_FOR_TARGET_28)</string>
						<string>$(LIBRARY_SEARCH_PATHS_QUOTED_FOR_TARGET_29)</string>
						<string>$(LIBRARY_SEARCH_PATHS_QUOTED_FOR_TARGET_30)</string>
						<string>$(LIBRARY_SEARCH_PATHS_QUOTED_FOR_TARGET_31)</string>
						<string>$(LIBRARY_SEARCH_PATHS_QUOTED_FOR_TARGET_32)</string>
						<string>$(LIBRARY_SEARCH_PATHS_QUOTED_FOR_TARGET_33)</string>
						<string>$(LIBRARY_SEARCH_PATHS_QUOTED_FOR_TARGET_34)</string>
						<string>$(LIBRARY_SEARCH_PATHS_QUOTED_FOR_TARGET_35)</string>
						<string>$(LIBRARY_SEARCH_PATHS_QUOTED_FOR_TARGET_36)</string>
						<string>$(LIBRARY_SEARCH_PATHS_QUOTED_FOR_TARGET_37)</string>
						<string>$(LIBRARY_SEARCH_PATHS_QUOTED_FOR_TARGET_38)</string>
						<string>$(LIBRARY_SEARCH_PATHS_QUOTED_FOR_TARGET_39)</string>
						<string>$(LIBRARY_SEARCH_PATHS_QUOTED_FOR_TARGET_40)</string>
						<string>$(LIBRARY_SEARCH_PATHS_QUOTED_FOR_TARGET_41)</string>
						<string>$(LIBRARY_SEARCH_PATHS_QUOTED_FOR_TARGET_42)</string>
						<string>$(LIBRARY_SEARCH_PATHS_QUOTED_FOR_TARGET_43)</string>
						<string>$(LIBRARY_SEARCH_PATHS_QUOTED_FOR_TARGET_44)</string>
						<string>$(LIBRARY_SEARCH_PATHS_QUOTED_FOR_TARGET_45)</string>
						<string>$(LIBRARY_SEARCH_PATHS_QUOTED_FOR_TARGET_46)</string>
						<string>$(LIBRARY_SEARCH_PATHS_QUOTED_FOR_TARGET_47)</string>
						<string>$(LIBRARY_SEARCH_PATHS_QUOTED_FOR_TARGET_48)</string>
						<string>$(LIBRARY_SEARCH_PATHS_QUOTED_FOR_TARGET_49)</string>
						<string>$(LIBRARY_SEARCH_PATHS_QUOTED_FOR_TARGET_50)</string>
						<string>$(LIBRARY_SEARCH_PATHS_QUOTED_FOR_TARGET_51)</string>
						<string>$(LIBRARY_SEARCH_PATHS_QUOTED_FOR_TARGET_52)</string>
					</array>
					<key>PRODUCT_NAME</key>
					<string>$(TARGET_NAME)Debug</string>
					<key>WRAPPER_EXTENSION</key>
					<string>app</string>
				</dict>
				<key>isa</key>
				<string>XCBuildConfiguration</string>
				<key>name</key>
				<string>Debug</string>
			</dict>
			<key>E4B69B610A3A1757003C02F2</key>
			<dict>
				<key>buildSettings</key>
				<dict>
					<key>COMBINE_HIDPI_IMAGES</key>
					<string>YES</string>
					<key>COPY_PHASE_STRIP</key>
					<string>YES</string>
					<key>FRAMEWORK_SEARCH_PATHS</key>
					<array>
						<string>$(inherited)</string>
						<string>$(FRAMEWORK_SEARCH_PATHS_QUOTED_FOR_TARGET_1)</string>
					</array>
					<key>FRAMEWORK_SEARCH_PATHS_QUOTED_FOR_TARGET_1</key>
					<string>"$(SRCROOT)/../../../of_v0.8.1_osx_release/libs/glut/lib/osx"</string>
					<key>GCC_GENERATE_DEBUGGING_SYMBOLS</key>
					<string>YES</string>
					<key>GCC_MODEL_TUNING</key>
					<string>NONE</string>
					<key>ICON</key>
					<string>$(ICON_NAME_RELEASE)</string>
					<key>ICON_FILE</key>
					<string>$(ICON_FILE_PATH)$(ICON)</string>
					<key>INFOPLIST_FILE</key>
					<string>openFrameworks-Info.plist</string>
					<key>INSTALL_PATH</key>
					<string>$(HOME)/Applications</string>
					<key>LIBRARY_SEARCH_PATHS</key>
					<array>
						<string>$(inherited)</string>
						<string>$(LIBRARY_SEARCH_PATHS_QUOTED_FOR_TARGET_1)</string>
						<string>$(LIBRARY_SEARCH_PATHS_QUOTED_FOR_TARGET_2)</string>
						<string>$(LIBRARY_SEARCH_PATHS_QUOTED_FOR_TARGET_3)</string>
						<string>$(LIBRARY_SEARCH_PATHS_QUOTED_FOR_TARGET_4)</string>
						<string>$(LIBRARY_SEARCH_PATHS_QUOTED_FOR_TARGET_5)</string>
						<string>$(LIBRARY_SEARCH_PATHS_QUOTED_FOR_TARGET_6)</string>
						<string>$(LIBRARY_SEARCH_PATHS_QUOTED_FOR_TARGET_7)</string>
						<string>$(LIBRARY_SEARCH_PATHS_QUOTED_FOR_TARGET_8)</string>
						<string>$(LIBRARY_SEARCH_PATHS_QUOTED_FOR_TARGET_9)</string>
						<string>$(LIBRARY_SEARCH_PATHS_QUOTED_FOR_TARGET_10)</string>
						<string>$(LIBRARY_SEARCH_PATHS_QUOTED_FOR_TARGET_11)</string>
						<string>$(LIBRARY_SEARCH_PATHS_QUOTED_FOR_TARGET_12)</string>
						<string>$(LIBRARY_SEARCH_PATHS_QUOTED_FOR_TARGET_13)</string>
						<string>$(LIBRARY_SEARCH_PATHS_QUOTED_FOR_TARGET_14)</string>
						<string>$(LIBRARY_SEARCH_PATHS_QUOTED_FOR_TARGET_15)</string>
						<string>$(LIBRARY_SEARCH_PATHS_QUOTED_FOR_TARGET_2)</string>
						<string>$(LIBRARY_SEARCH_PATHS_QUOTED_1)</string>
						<string>$(LIBRARY_SEARCH_PATHS_QUOTED_FOR_TARGET_3)</string>
						<string>$(LIBRARY_SEARCH_PATHS_QUOTED_FOR_TARGET_7)</string>
						<string>$(LIBRARY_SEARCH_PATHS_QUOTED_FOR_TARGET_8)</string>
						<string>$(LIBRARY_SEARCH_PATHS_QUOTED_FOR_TARGET_9)</string>
						<string>$(LIBRARY_SEARCH_PATHS_QUOTED_FOR_TARGET_10)</string>
						<string>$(LIBRARY_SEARCH_PATHS_QUOTED_FOR_TARGET_11)</string>
						<string>$(LIBRARY_SEARCH_PATHS_QUOTED_FOR_TARGET_12)</string>
						<string>$(LIBRARY_SEARCH_PATHS_QUOTED_FOR_TARGET_13)</string>
						<string>$(LIBRARY_SEARCH_PATHS_QUOTED_FOR_TARGET_16)</string>
						<string>$(LIBRARY_SEARCH_PATHS_QUOTED_FOR_TARGET_17)</string>
						<string>$(LIBRARY_SEARCH_PATHS_QUOTED_FOR_TARGET_18)</string>
						<string>$(LIBRARY_SEARCH_PATHS_QUOTED_FOR_TARGET_19)</string>
						<string>$(LIBRARY_SEARCH_PATHS_QUOTED_FOR_TARGET_20)</string>
						<string>$(LIBRARY_SEARCH_PATHS_QUOTED_FOR_TARGET_21)</string>
						<string>$(LIBRARY_SEARCH_PATHS_QUOTED_FOR_TARGET_22)</string>
						<string>$(LIBRARY_SEARCH_PATHS_QUOTED_FOR_TARGET_23)</string>
						<string>$(LIBRARY_SEARCH_PATHS_QUOTED_FOR_TARGET_24)</string>
						<string>$(LIBRARY_SEARCH_PATHS_QUOTED_FOR_TARGET_25)</string>
						<string>$(LIBRARY_SEARCH_PATHS_QUOTED_FOR_TARGET_26)</string>
						<string>$(LIBRARY_SEARCH_PATHS_QUOTED_FOR_TARGET_27)</string>
						<string>$(LIBRARY_SEARCH_PATHS_QUOTED_FOR_TARGET_28)</string>
						<string>$(LIBRARY_SEARCH_PATHS_QUOTED_FOR_TARGET_29)</string>
						<string>$(LIBRARY_SEARCH_PATHS_QUOTED_FOR_TARGET_30)</string>
						<string>$(LIBRARY_SEARCH_PATHS_QUOTED_FOR_TARGET_31)</string>
						<string>$(LIBRARY_SEARCH_PATHS_QUOTED_FOR_TARGET_32)</string>
						<string>$(LIBRARY_SEARCH_PATHS_QUOTED_FOR_TARGET_33)</string>
						<string>$(LIBRARY_SEARCH_PATHS_QUOTED_FOR_TARGET_34)</string>
						<string>$(LIBRARY_SEARCH_PATHS_QUOTED_FOR_TARGET_35)</string>
						<string>$(LIBRARY_SEARCH_PATHS_QUOTED_FOR_TARGET_36)</string>
						<string>$(LIBRARY_SEARCH_PATHS_QUOTED_FOR_TARGET_37)</string>
						<string>$(LIBRARY_SEARCH_PATHS_QUOTED_FOR_TARGET_38)</string>
						<string>$(LIBRARY_SEARCH_PATHS_QUOTED_FOR_TARGET_39)</string>
						<string>$(LIBRARY_SEARCH_PATHS_QUOTED_FOR_TARGET_40)</string>
						<string>$(LIBRARY_SEARCH_PATHS_QUOTED_FOR_TARGET_41)</string>
						<string>$(LIBRARY_SEARCH_PATHS_QUOTED_FOR_TARGET_42)</string>
						<string>$(LIBRARY_SEARCH_PATHS_QUOTED_FOR_TARGET_43)</string>
						<string>$(LIBRARY_SEARCH_PATHS_QUOTED_FOR_TARGET_44)</string>
						<string>$(LIBRARY_SEARCH_PATHS_QUOTED_FOR_TARGET_45)</string>
						<string>$(LIBRARY_SEARCH_PATHS_QUOTED_FOR_TARGET_46)</string>
						<string>$(LIBRARY_SEARCH_PATHS_QUOTED_FOR_TARGET_47)</string>
						<string>$(LIBRARY_SEARCH_PATHS_QUOTED_FOR_TARGET_48)</string>
						<string>$(LIBRARY_SEARCH_PATHS_QUOTED_FOR_TARGET_49)</string>
						<string>$(LIBRARY_SEARCH_PATHS_QUOTED_FOR_TARGET_50)</string>
						<string>$(LIBRARY_SEARCH_PATHS_QUOTED_FOR_TARGET_51)</string>
					</array>
					<key>PRODUCT_NAME</key>
					<string>$(TARGET_NAME)</string>
					<key>WRAPPER_EXTENSION</key>
					<string>app</string>
				</dict>
				<key>isa</key>
				<string>XCBuildConfiguration</string>
				<key>name</key>
				<string>Release</string>
			</dict>
			<key>E4B69E1C0A3A1BDC003C02F2</key>
			<dict>
				<key>children</key>
				<array>
					<string>E4B69E1D0A3A1BDC003C02F2</string>
					<string>E4B69E1E0A3A1BDC003C02F2</string>
					<string>E4B69E1F0A3A1BDC003C02F2</string>
				</array>
				<key>isa</key>
				<string>PBXGroup</string>
				<key>path</key>
				<string>src</string>
				<key>sourceTree</key>
				<string>SOURCE_ROOT</string>
			</dict>
			<key>E4B69E1D0A3A1BDC003C02F2</key>
			<dict>
				<key>fileEncoding</key>
				<string>30</string>
				<key>isa</key>
				<string>PBXFileReference</string>
				<key>lastKnownFileType</key>
				<string>sourcecode.cpp.cpp</string>
				<key>name</key>
				<string>main.cpp</string>
				<key>path</key>
				<string>src/main.cpp</string>
				<key>sourceTree</key>
				<string>SOURCE_ROOT</string>
			</dict>
			<key>E4B69E1E0A3A1BDC003C02F2</key>
			<dict>
				<key>explicitFileType</key>
				<string>sourcecode.cpp.cpp</string>
				<key>fileEncoding</key>
				<string>30</string>
				<key>isa</key>
				<string>PBXFileReference</string>
				<key>name</key>
				<string>ofApp.cpp</string>
				<key>path</key>
				<string>src/ofApp.cpp</string>
				<key>sourceTree</key>
				<string>SOURCE_ROOT</string>
			</dict>
			<key>E4B69E1F0A3A1BDC003C02F2</key>
			<dict>
				<key>fileEncoding</key>
				<string>30</string>
				<key>isa</key>
				<string>PBXFileReference</string>
				<key>lastKnownFileType</key>
				<string>sourcecode.c.h</string>
				<key>name</key>
				<string>ofApp.h</string>
				<key>path</key>
				<string>src/ofApp.h</string>
				<key>sourceTree</key>
				<string>SOURCE_ROOT</string>
			</dict>
			<key>E4B69E200A3A1BDC003C02F2</key>
			<dict>
				<key>fileRef</key>
				<string>E4B69E1D0A3A1BDC003C02F2</string>
				<key>isa</key>
				<string>PBXBuildFile</string>
			</dict>
			<key>E4B69E210A3A1BDC003C02F2</key>
			<dict>
				<key>fileRef</key>
				<string>E4B69E1E0A3A1BDC003C02F2</string>
				<key>isa</key>
				<string>PBXBuildFile</string>
			</dict>
			<key>E4B6FCAD0C3E899E008CF71C</key>
			<dict>
				<key>fileEncoding</key>
				<string>30</string>
				<key>isa</key>
				<string>PBXFileReference</string>
				<key>lastKnownFileType</key>
				<string>text.plist.xml</string>
				<key>path</key>
				<string>openFrameworks-Info.plist</string>
				<key>sourceTree</key>
				<string>&lt;group&gt;</string>
			</dict>
			<key>E4B6FFFD0C3F9AB9008CF71C</key>
			<dict>
				<key>buildActionMask</key>
				<string>2147483647</string>
				<key>files</key>
				<array />
				<key>inputPaths</key>
				<array />
				<key>isa</key>
				<string>PBXShellScriptBuildPhase</string>
				<key>outputPaths</key>
				<array />
				<key>runOnlyForDeploymentPostprocessing</key>
				<string>0</string>
				<key>shellPath</key>
				<string>/bin/sh</string>
				<key>shellScript</key>
				<string>cp -f ../../../of_v0.8.1_osx_release/libs/fmodex/lib/osx/libfmodex.dylib "$TARGET_BUILD_DIR/$PRODUCT_NAME.app/Contents/MacOS/libfmodex.dylib"; install_name_tool -change ./libfmodex.dylib @executable_path/libfmodex.dylib "$TARGET_BUILD_DIR/$PRODUCT_NAME.app/Contents/MacOS/$PRODUCT_NAME";
mkdir -p "$TARGET_BUILD_DIR/$PRODUCT_NAME.app/Contents/Resources/"
cp -f "$ICON_FILE" "$TARGET_BUILD_DIR/$PRODUCT_NAME.app/Contents/Resources/"
</string>
			</dict>
			<key>E4C2424410CC5A17004149E2</key>
			<dict>
				<key>isa</key>
				<string>PBXFileReference</string>
				<key>lastKnownFileType</key>
				<string>wrapper.framework</string>
				<key>name</key>
				<string>AppKit.framework</string>
				<key>path</key>
				<string>/System/Library/Frameworks/AppKit.framework</string>
				<key>sourceTree</key>
				<string>&lt;absolute&gt;</string>
			</dict>
			<key>E4C2424510CC5A17004149E2</key>
			<dict>
				<key>isa</key>
				<string>PBXFileReference</string>
				<key>lastKnownFileType</key>
				<string>wrapper.framework</string>
				<key>name</key>
				<string>Cocoa.framework</string>
				<key>path</key>
				<string>/System/Library/Frameworks/Cocoa.framework</string>
				<key>sourceTree</key>
				<string>&lt;absolute&gt;</string>
			</dict>
			<key>E4C2424610CC5A17004149E2</key>
			<dict>
				<key>isa</key>
				<string>PBXFileReference</string>
				<key>lastKnownFileType</key>
				<string>wrapper.framework</string>
				<key>name</key>
				<string>IOKit.framework</string>
				<key>path</key>
				<string>/System/Library/Frameworks/IOKit.framework</string>
				<key>sourceTree</key>
				<string>&lt;absolute&gt;</string>
			</dict>
			<key>E4C2424710CC5A17004149E2</key>
			<dict>
				<key>fileRef</key>
				<string>E4C2424410CC5A17004149E2</string>
				<key>isa</key>
				<string>PBXBuildFile</string>
			</dict>
			<key>E4C2424810CC5A17004149E2</key>
			<dict>
				<key>fileRef</key>
				<string>E4C2424510CC5A17004149E2</string>
				<key>isa</key>
				<string>PBXBuildFile</string>
			</dict>
			<key>E4C2424910CC5A17004149E2</key>
			<dict>
				<key>fileRef</key>
				<string>E4C2424610CC5A17004149E2</string>
				<key>isa</key>
				<string>PBXBuildFile</string>
			</dict>
			<key>E4C2427710CC5ABF004149E2</key>
			<dict>
				<key>buildActionMask</key>
				<string>2147483647</string>
				<key>dstPath</key>
				<string />
				<key>dstSubfolderSpec</key>
				<string>10</string>
				<key>files</key>
				<array>
					<string>BBAB23CB13894F3D00AA2426</string>
				</array>
				<key>isa</key>
				<string>PBXCopyFilesBuildPhase</string>
				<key>runOnlyForDeploymentPostprocessing</key>
				<string>0</string>
			</dict>
			<key>E4EB6799138ADC1D00A09F29</key>
			<dict>
				<key>fileRef</key>
				<string>BBAB23BE13894E4700AA2426</string>
				<key>isa</key>
				<string>PBXBuildFile</string>
			</dict>
			<key>E4EB691F138AFCF100A09F29</key>
			<dict>
				<key>fileEncoding</key>
				<string>4</string>
				<key>isa</key>
				<string>PBXFileReference</string>
				<key>lastKnownFileType</key>
				<string>text.xcconfig</string>
				<key>name</key>
				<string>CoreOF.xcconfig</string>
				<key>path</key>
				<string>../../../of_v0.8.1_osx_release/libs/openFrameworksCompiled/project/osx/CoreOF.xcconfig</string>
				<key>sourceTree</key>
				<string>SOURCE_ROOT</string>
			</dict>
			<key>E4EB6923138AFD0F00A09F29</key>
			<dict>
				<key>fileEncoding</key>
				<string>4</string>
				<key>isa</key>
				<string>PBXFileReference</string>
				<key>lastKnownFileType</key>
				<string>text.xcconfig</string>
				<key>path</key>
				<string>Project.xcconfig</string>
				<key>sourceTree</key>
				<string>&lt;group&gt;</string>
			</dict>
			<key>E4EEB9AB138B136A00A80321</key>
			<dict>
				<key>containerPortal</key>
				<string>E4328143138ABC890047C5CB</string>
				<key>isa</key>
				<string>PBXContainerItemProxy</string>
				<key>proxyType</key>
				<string>1</string>
				<key>remoteGlobalIDString</key>
				<string>E4B27C1410CBEB8E00536013</string>
				<key>remoteInfo</key>
				<string>openFrameworks</string>
			</dict>
			<key>E4EEB9AC138B136A00A80321</key>
			<dict>
				<key>isa</key>
				<string>PBXTargetDependency</string>
				<key>name</key>
				<string>openFrameworks</string>
				<key>targetProxy</key>
				<string>E4EEB9AB138B136A00A80321</string>
			</dict>
			<key>E4EEC9E9138DF44700A80321</key>
			<dict>
				<key>children</key>
				<array>
					<string>E4EB691F138AFCF100A09F29</string>
					<string>E4328143138ABC890047C5CB</string>
				</array>
				<key>isa</key>
				<string>PBXGroup</string>
				<key>name</key>
				<string>openFrameworks</string>
				<key>sourceTree</key>
				<string>&lt;group&gt;</string>
			</dict>
			<key>E7E077E415D3B63C0020DFD4</key>
			<dict>
				<key>isa</key>
				<string>PBXFileReference</string>
				<key>lastKnownFileType</key>
				<string>wrapper.framework</string>
				<key>name</key>
				<string>CoreVideo.framework</string>
				<key>path</key>
				<string>/System/Library/Frameworks/CoreVideo.framework</string>
				<key>sourceTree</key>
				<string>&lt;absolute&gt;</string>
			</dict>
			<key>E7E077E515D3B63C0020DFD4</key>
			<dict>
				<key>fileRef</key>
				<string>E7E077E415D3B63C0020DFD4</string>
				<key>isa</key>
				<string>PBXBuildFile</string>
			</dict>
			<key>E7E077E715D3B6510020DFD4</key>
			<dict>
				<key>isa</key>
				<string>PBXFileReference</string>
				<key>lastKnownFileType</key>
				<string>wrapper.framework</string>
				<key>name</key>
				<string>QTKit.framework</string>
				<key>path</key>
				<string>/System/Library/Frameworks/QTKit.framework</string>
				<key>sourceTree</key>
				<string>&lt;absolute&gt;</string>
			</dict>
			<key>E7E077E815D3B6510020DFD4</key>
			<dict>
				<key>fileRef</key>
				<string>E7E077E715D3B6510020DFD4</string>
				<key>isa</key>
				<string>PBXBuildFile</string>
			</dict>
			<key>E7F985F515E0DE99003869B5</key>
			<dict>
				<key>isa</key>
				<string>PBXFileReference</string>
				<key>lastKnownFileType</key>
				<string>wrapper.framework</string>
				<key>name</key>
				<string>Accelerate.framework</string>
				<key>path</key>
				<string>/System/Library/Frameworks/Accelerate.framework</string>
				<key>sourceTree</key>
				<string>&lt;absolute&gt;</string>
			</dict>
			<key>E7F985F815E0DEA3003869B5</key>
			<dict>
				<key>fileRef</key>
				<string>E7F985F515E0DE99003869B5</string>
				<key>isa</key>
				<string>PBXBuildFile</string>
			</dict>
		</dict>
		<key>rootObject</key>
		<string>E4B69B4C0A3A1720003C02F2</string>
	</dict>
</plist>
